// !$*UTF8*$!
{
	archiveVersion = 1;
	classes = {
	};
	objectVersion = 50;
	objects = {

/* Begin PBXBuildFile section */
		1C018241267BC5DB00DAC401 /* AppDelegate.swift in Sources */ = {isa = PBXBuildFile; fileRef = 1C018240267BC5DB00DAC401 /* AppDelegate.swift */; };
		1C018243267BC5DB00DAC401 /* SceneDelegate.swift in Sources */ = {isa = PBXBuildFile; fileRef = 1C018242267BC5DB00DAC401 /* SceneDelegate.swift */; };
		1C018245267BC5DB00DAC401 /* ViewController.swift in Sources */ = {isa = PBXBuildFile; fileRef = 1C018244267BC5DB00DAC401 /* ViewController.swift */; };
		1C018248267BC5DB00DAC401 /* Main.storyboard in Resources */ = {isa = PBXBuildFile; fileRef = 1C018246267BC5DB00DAC401 /* Main.storyboard */; };
		1C01824A267BC5E900DAC401 /* Assets.xcassets in Resources */ = {isa = PBXBuildFile; fileRef = 1C018249267BC5E900DAC401 /* Assets.xcassets */; };
		1C01824D267BC5E900DAC401 /* LaunchScreen.storyboard in Resources */ = {isa = PBXBuildFile; fileRef = 1C01824B267BC5E900DAC401 /* LaunchScreen.storyboard */; };
		1C8BDA7F267BC73100D8E894 /* GoogleService-Info.plist in Resources */ = {isa = PBXBuildFile; fileRef = 1C8BDA7E267BC73100D8E894 /* GoogleService-Info.plist */; };
		83674E35BDD40322979AE0BC /* Pods_FireDo.framework in Frameworks */ = {isa = PBXBuildFile; fileRef = 111EF937F5B5546AF0798BCA /* Pods_FireDo.framework */; };
/* End PBXBuildFile section */

/* Begin PBXFileReference section */
		111EF937F5B5546AF0798BCA /* Pods_FireDo.framework */ = {isa = PBXFileReference; explicitFileType = wrapper.framework; includeInIndex = 0; path = Pods_FireDo.framework; sourceTree = BUILT_PRODUCTS_DIR; };
		1C01823D267BC5DA00DAC401 /* FireDo.app */ = {isa = PBXFileReference; explicitFileType = wrapper.application; includeInIndex = 0; path = FireDo.app; sourceTree = BUILT_PRODUCTS_DIR; };
		1C018240267BC5DB00DAC401 /* AppDelegate.swift */ = {isa = PBXFileReference; lastKnownFileType = sourcecode.swift; path = AppDelegate.swift; sourceTree = "<group>"; };
		1C018242267BC5DB00DAC401 /* SceneDelegate.swift */ = {isa = PBXFileReference; lastKnownFileType = sourcecode.swift; path = SceneDelegate.swift; sourceTree = "<group>"; };
		1C018244267BC5DB00DAC401 /* ViewController.swift */ = {isa = PBXFileReference; lastKnownFileType = sourcecode.swift; path = ViewController.swift; sourceTree = "<group>"; };
		1C018247267BC5DB00DAC401 /* Base */ = {isa = PBXFileReference; lastKnownFileType = file.storyboard; name = Base; path = Base.lproj/Main.storyboard; sourceTree = "<group>"; };
		1C018249267BC5E900DAC401 /* Assets.xcassets */ = {isa = PBXFileReference; lastKnownFileType = folder.assetcatalog; path = Assets.xcassets; sourceTree = "<group>"; };
		1C01824C267BC5E900DAC401 /* Base */ = {isa = PBXFileReference; lastKnownFileType = file.storyboard; name = Base; path = Base.lproj/LaunchScreen.storyboard; sourceTree = "<group>"; };
		1C01824E267BC5E900DAC401 /* Info.plist */ = {isa = PBXFileReference; lastKnownFileType = text.plist.xml; path = Info.plist; sourceTree = "<group>"; };
		1C8BDA7E267BC73100D8E894 /* GoogleService-Info.plist */ = {isa = PBXFileReference; fileEncoding = 4; lastKnownFileType = text.plist.xml; path = "GoogleService-Info.plist"; sourceTree = "<group>"; };
		3BDFB10711049B431C86EC5A /* Pods-FireDo.debug.xcconfig */ = {isa = PBXFileReference; includeInIndex = 1; lastKnownFileType = text.xcconfig; name = "Pods-FireDo.debug.xcconfig"; path = "Target Support Files/Pods-FireDo/Pods-FireDo.debug.xcconfig"; sourceTree = "<group>"; };
		772F178DD833CD5620FBDB82 /* Pods-FireDo.release.xcconfig */ = {isa = PBXFileReference; includeInIndex = 1; lastKnownFileType = text.xcconfig; name = "Pods-FireDo.release.xcconfig"; path = "Target Support Files/Pods-FireDo/Pods-FireDo.release.xcconfig"; sourceTree = "<group>"; };
/* End PBXFileReference section */

/* Begin PBXFrameworksBuildPhase section */
		1C01823A267BC5DA00DAC401 /* Frameworks */ = {
			isa = PBXFrameworksBuildPhase;
			buildActionMask = 2147483647;
			files = (
				83674E35BDD40322979AE0BC /* Pods_FireDo.framework in Frameworks */,
			);
			runOnlyForDeploymentPostprocessing = 0;
		};
/* End PBXFrameworksBuildPhase section */

/* Begin PBXGroup section */
		1C018234267BC5DA00DAC401 = {
			isa = PBXGroup;
			children = (
				1C01823F267BC5DA00DAC401 /* FireDo */,
				1C01823E267BC5DA00DAC401 /* Products */,
				CABD664FE3B1CA0F9DB9CA20 /* Pods */,
				FB83749245B9FE41EF01506B /* Frameworks */,
			);
			sourceTree = "<group>";
		};
		1C01823E267BC5DA00DAC401 /* Products */ = {
			isa = PBXGroup;
			children = (
				1C01823D267BC5DA00DAC401 /* FireDo.app */,
			);
			name = Products;
			sourceTree = "<group>";
		};
		1C01823F267BC5DA00DAC401 /* FireDo */ = {
			isa = PBXGroup;
			children = (
				1C951714267BC8400031D88A /* Controller */,
				1C951713267BC8380031D88A /* Model */,
				1C951712267BC82C0031D88A /* View */,
				1C951710267BC8010031D88A /* Supporting Files */,
				1C8BDA7E267BC73100D8E894 /* GoogleService-Info.plist */,
				1C018242267BC5DB00DAC401 /* SceneDelegate.swift */,
				1C018244267BC5DB00DAC401 /* ViewController.swift */,
				1C018246267BC5DB00DAC401 /* Main.storyboard */,
				1C01824E267BC5E900DAC401 /* Info.plist */,
			);
			path = FireDo;
			sourceTree = "<group>";
		};
		1C951710267BC8010031D88A /* Supporting Files */ = {
			isa = PBXGroup;
			children = (
				1C018240267BC5DB00DAC401 /* AppDelegate.swift */,
				1C018249267BC5E900DAC401 /* Assets.xcassets */,
				1C01824B267BC5E900DAC401 /* LaunchScreen.storyboard */,
			);
			path = "Supporting Files";
			sourceTree = "<group>";
		};
		1C951712267BC82C0031D88A /* View */ = {
			isa = PBXGroup;
			children = (
			);
			path = View;
			sourceTree = "<group>";
		};
		1C951713267BC8380031D88A /* Model */ = {
			isa = PBXGroup;
			children = (
			);
			path = Model;
			sourceTree = "<group>";
		};
		1C951714267BC8400031D88A /* Controller */ = {
			isa = PBXGroup;
			children = (
			);
			path = Controller;
			sourceTree = "<group>";
		};
		CABD664FE3B1CA0F9DB9CA20 /* Pods */ = {
			isa = PBXGroup;
			children = (
				3BDFB10711049B431C86EC5A /* Pods-FireDo.debug.xcconfig */,
				772F178DD833CD5620FBDB82 /* Pods-FireDo.release.xcconfig */,
			);
			name = Pods;
			path = Pods;
			sourceTree = "<group>";
		};
		FB83749245B9FE41EF01506B /* Frameworks */ = {
			isa = PBXGroup;
			children = (
				111EF937F5B5546AF0798BCA /* Pods_FireDo.framework */,
			);
			name = Frameworks;
			sourceTree = "<group>";
		};
/* End PBXGroup section */

/* Begin PBXNativeTarget section */
		1C01823C267BC5DA00DAC401 /* FireDo */ = {
			isa = PBXNativeTarget;
			buildConfigurationList = 1C018251267BC5E900DAC401 /* Build configuration list for PBXNativeTarget "FireDo" */;
			buildPhases = (
				33BA02263EB2BB6D5A02E872 /* [CP] Check Pods Manifest.lock */,
				1C018239267BC5DA00DAC401 /* Sources */,
				1C01823A267BC5DA00DAC401 /* Frameworks */,
				1C01823B267BC5DA00DAC401 /* Resources */,
				4D6551D6BD78A5B8439040B6 /* [CP] Embed Pods Frameworks */,
			);
			buildRules = (
			);
			dependencies = (
			);
			name = FireDo;
			productName = FireDo;
			productReference = 1C01823D267BC5DA00DAC401 /* FireDo.app */;
			productType = "com.apple.product-type.application";
		};
/* End PBXNativeTarget section */

/* Begin PBXProject section */
		1C018235267BC5DA00DAC401 /* Project object */ = {
			isa = PBXProject;
			attributes = {
				LastSwiftUpdateCheck = 1240;
				LastUpgradeCheck = 1240;
				TargetAttributes = {
					1C01823C267BC5DA00DAC401 = {
						CreatedOnToolsVersion = 12.4;
					};
				};
			};
			buildConfigurationList = 1C018238267BC5DA00DAC401 /* Build configuration list for PBXProject "FireDo" */;
			compatibilityVersion = "Xcode 9.3";
			developmentRegion = en;
			hasScannedForEncodings = 0;
			knownRegions = (
				en,
				Base,
			);
			mainGroup = 1C018234267BC5DA00DAC401;
			productRefGroup = 1C01823E267BC5DA00DAC401 /* Products */;
			projectDirPath = "";
			projectRoot = "";
			targets = (
				1C01823C267BC5DA00DAC401 /* FireDo */,
			);
		};
/* End PBXProject section */

/* Begin PBXResourcesBuildPhase section */
		1C01823B267BC5DA00DAC401 /* Resources */ = {
			isa = PBXResourcesBuildPhase;
			buildActionMask = 2147483647;
			files = (
				1C01824D267BC5E900DAC401 /* LaunchScreen.storyboard in Resources */,
				1C8BDA7F267BC73100D8E894 /* GoogleService-Info.plist in Resources */,
				1C01824A267BC5E900DAC401 /* Assets.xcassets in Resources */,
				1C018248267BC5DB00DAC401 /* Main.storyboard in Resources */,
			);
			runOnlyForDeploymentPostprocessing = 0;
		};
/* End PBXResourcesBuildPhase section */

/* Begin PBXShellScriptBuildPhase section */
		33BA02263EB2BB6D5A02E872 /* [CP] Check Pods Manifest.lock */ = {
			isa = PBXShellScriptBuildPhase;
			buildActionMask = 2147483647;
			files = (
			);
			inputFileListPaths = (
			);
			inputPaths = (
				"${PODS_PODFILE_DIR_PATH}/Podfile.lock",
				"${PODS_ROOT}/Manifest.lock",
			);
			name = "[CP] Check Pods Manifest.lock";
			outputFileListPaths = (
			);
			outputPaths = (
				"$(DERIVED_FILE_DIR)/Pods-FireDo-checkManifestLockResult.txt",
			);
			runOnlyForDeploymentPostprocessing = 0;
			shellPath = /bin/sh;
			shellScript = "diff \"${PODS_PODFILE_DIR_PATH}/Podfile.lock\" \"${PODS_ROOT}/Manifest.lock\" > /dev/null\nif [ $? != 0 ] ; then\n    # print error to STDERR\n    echo \"error: The sandbox is not in sync with the Podfile.lock. Run 'pod install' or update your CocoaPods installation.\" >&2\n    exit 1\nfi\n# This output is used by Xcode 'outputs' to avoid re-running this script phase.\necho \"SUCCESS\" > \"${SCRIPT_OUTPUT_FILE_0}\"\n";
			showEnvVarsInLog = 0;
		};
		4D6551D6BD78A5B8439040B6 /* [CP] Embed Pods Frameworks */ = {
			isa = PBXShellScriptBuildPhase;
			buildActionMask = 2147483647;
			files = (
			);
			inputFileListPaths = (
				"${PODS_ROOT}/Target Support Files/Pods-FireDo/Pods-FireDo-frameworks-${CONFIGURATION}-input-files.xcfilelist",
			);
			name = "[CP] Embed Pods Frameworks";
			outputFileListPaths = (
				"${PODS_ROOT}/Target Support Files/Pods-FireDo/Pods-FireDo-frameworks-${CONFIGURATION}-output-files.xcfilelist",
			);
			runOnlyForDeploymentPostprocessing = 0;
			shellPath = /bin/sh;
			shellScript = "\"${PODS_ROOT}/Target Support Files/Pods-FireDo/Pods-FireDo-frameworks.sh\"\n";
			showEnvVarsInLog = 0;
		};
/* End PBXShellScriptBuildPhase section */

/* Begin PBXSourcesBuildPhase section */
		1C018239267BC5DA00DAC401 /* Sources */ = {
			isa = PBXSourcesBuildPhase;
			buildActionMask = 2147483647;
			files = (
				1C018245267BC5DB00DAC401 /* ViewController.swift in Sources */,
				1C018241267BC5DB00DAC401 /* AppDelegate.swift in Sources */,
				1C018243267BC5DB00DAC401 /* SceneDelegate.swift in Sources */,
			);
			runOnlyForDeploymentPostprocessing = 0;
		};
/* End PBXSourcesBuildPhase section */

/* Begin PBXVariantGroup section */
		1C018246267BC5DB00DAC401 /* Main.storyboard */ = {
			isa = PBXVariantGroup;
			children = (
				1C018247267BC5DB00DAC401 /* Base */,
			);
			name = Main.storyboard;
			sourceTree = "<group>";
		};
		1C01824B267BC5E900DAC401 /* LaunchScreen.storyboard */ = {
			isa = PBXVariantGroup;
			children = (
				1C01824C267BC5E900DAC401 /* Base */,
			);
			name = LaunchScreen.storyboard;
			sourceTree = "<group>";
		};
/* End PBXVariantGroup section */

/* Begin XCBuildConfiguration section */
		1C01824F267BC5E900DAC401 /* Debug */ = {
			isa = XCBuildConfiguration;
			buildSettings = {
				ALWAYS_SEARCH_USER_PATHS = NO;
				CLANG_ANALYZER_NONNULL = YES;
				CLANG_ANALYZER_NUMBER_OBJECT_CONVERSION = YES_AGGRESSIVE;
				CLANG_CXX_LANGUAGE_STANDARD = "gnu++14";
				CLANG_CXX_LIBRARY = "libc++";
				CLANG_ENABLE_MODULES = YES;
				CLANG_ENABLE_OBJC_ARC = YES;
				CLANG_ENABLE_OBJC_WEAK = YES;
				CLANG_WARN_BLOCK_CAPTURE_AUTORELEASING = YES;
				CLANG_WARN_BOOL_CONVERSION = YES;
				CLANG_WARN_COMMA = YES;
				CLANG_WARN_CONSTANT_CONVERSION = YES;
				CLANG_WARN_DEPRECATED_OBJC_IMPLEMENTATIONS = YES;
				CLANG_WARN_DIRECT_OBJC_ISA_USAGE = YES_ERROR;
				CLANG_WARN_DOCUMENTATION_COMMENTS = YES;
				CLANG_WARN_EMPTY_BODY = YES;
				CLANG_WARN_ENUM_CONVERSION = YES;
				CLANG_WARN_INFINITE_RECURSION = YES;
				CLANG_WARN_INT_CONVERSION = YES;
				CLANG_WARN_NON_LITERAL_NULL_CONVERSION = YES;
				CLANG_WARN_OBJC_IMPLICIT_RETAIN_SELF = YES;
				CLANG_WARN_OBJC_LITERAL_CONVERSION = YES;
				CLANG_WARN_OBJC_ROOT_CLASS = YES_ERROR;
				CLANG_WARN_QUOTED_INCLUDE_IN_FRAMEWORK_HEADER = YES;
				CLANG_WARN_RANGE_LOOP_ANALYSIS = YES;
				CLANG_WARN_STRICT_PROTOTYPES = YES;
				CLANG_WARN_SUSPICIOUS_MOVE = YES;
				CLANG_WARN_UNGUARDED_AVAILABILITY = YES_AGGRESSIVE;
				CLANG_WARN_UNREACHABLE_CODE = YES;
				CLANG_WARN__DUPLICATE_METHOD_MATCH = YES;
				COPY_PHASE_STRIP = NO;
				DEBUG_INFORMATION_FORMAT = dwarf;
				ENABLE_STRICT_OBJC_MSGSEND = YES;
				ENABLE_TESTABILITY = YES;
				GCC_C_LANGUAGE_STANDARD = gnu11;
				GCC_DYNAMIC_NO_PIC = NO;
				GCC_NO_COMMON_BLOCKS = YES;
				GCC_OPTIMIZATION_LEVEL = 0;
				GCC_PREPROCESSOR_DEFINITIONS = (
					"DEBUG=1",
					"$(inherited)",
				);
				GCC_WARN_64_TO_32_BIT_CONVERSION = YES;
				GCC_WARN_ABOUT_RETURN_TYPE = YES_ERROR;
				GCC_WARN_UNDECLARED_SELECTOR = YES;
				GCC_WARN_UNINITIALIZED_AUTOS = YES_AGGRESSIVE;
				GCC_WARN_UNUSED_FUNCTION = YES;
				GCC_WARN_UNUSED_VARIABLE = YES;
				IPHONEOS_DEPLOYMENT_TARGET = 14.4;
				MTL_ENABLE_DEBUG_INFO = INCLUDE_SOURCE;
				MTL_FAST_MATH = YES;
				ONLY_ACTIVE_ARCH = YES;
				SDKROOT = iphoneos;
				SWIFT_ACTIVE_COMPILATION_CONDITIONS = DEBUG;
				SWIFT_OPTIMIZATION_LEVEL = "-Onone";
			};
			name = Debug;
		};
		1C018250267BC5E900DAC401 /* Release */ = {
			isa = XCBuildConfiguration;
			buildSettings = {
				ALWAYS_SEARCH_USER_PATHS = NO;
				CLANG_ANALYZER_NONNULL = YES;
				CLANG_ANALYZER_NUMBER_OBJECT_CONVERSION = YES_AGGRESSIVE;
				CLANG_CXX_LANGUAGE_STANDARD = "gnu++14";
				CLANG_CXX_LIBRARY = "libc++";
				CLANG_ENABLE_MODULES = YES;
				CLANG_ENABLE_OBJC_ARC = YES;
				CLANG_ENABLE_OBJC_WEAK = YES;
				CLANG_WARN_BLOCK_CAPTURE_AUTORELEASING = YES;
				CLANG_WARN_BOOL_CONVERSION = YES;
				CLANG_WARN_COMMA = YES;
				CLANG_WARN_CONSTANT_CONVERSION = YES;
				CLANG_WARN_DEPRECATED_OBJC_IMPLEMENTATIONS = YES;
				CLANG_WARN_DIRECT_OBJC_ISA_USAGE = YES_ERROR;
				CLANG_WARN_DOCUMENTATION_COMMENTS = YES;
				CLANG_WARN_EMPTY_BODY = YES;
				CLANG_WARN_ENUM_CONVERSION = YES;
				CLANG_WARN_INFINITE_RECURSION = YES;
				CLANG_WARN_INT_CONVERSION = YES;
				CLANG_WARN_NON_LITERAL_NULL_CONVERSION = YES;
				CLANG_WARN_OBJC_IMPLICIT_RETAIN_SELF = YES;
				CLANG_WARN_OBJC_LITERAL_CONVERSION = YES;
				CLANG_WARN_OBJC_ROOT_CLASS = YES_ERROR;
				CLANG_WARN_QUOTED_INCLUDE_IN_FRAMEWORK_HEADER = YES;
				CLANG_WARN_RANGE_LOOP_ANALYSIS = YES;
				CLANG_WARN_STRICT_PROTOTYPES = YES;
				CLANG_WARN_SUSPICIOUS_MOVE = YES;
				CLANG_WARN_UNGUARDED_AVAILABILITY = YES_AGGRESSIVE;
				CLANG_WARN_UNREACHABLE_CODE = YES;
				CLANG_WARN__DUPLICATE_METHOD_MATCH = YES;
				COPY_PHASE_STRIP = NO;
				DEBUG_INFORMATION_FORMAT = "dwarf-with-dsym";
				ENABLE_NS_ASSERTIONS = NO;
				ENABLE_STRICT_OBJC_MSGSEND = YES;
				GCC_C_LANGUAGE_STANDARD = gnu11;
				GCC_NO_COMMON_BLOCKS = YES;
				GCC_WARN_64_TO_32_BIT_CONVERSION = YES;
				GCC_WARN_ABOUT_RETURN_TYPE = YES_ERROR;
				GCC_WARN_UNDECLARED_SELECTOR = YES;
				GCC_WARN_UNINITIALIZED_AUTOS = YES_AGGRESSIVE;
				GCC_WARN_UNUSED_FUNCTION = YES;
				GCC_WARN_UNUSED_VARIABLE = YES;
				IPHONEOS_DEPLOYMENT_TARGET = 14.4;
				MTL_ENABLE_DEBUG_INFO = NO;
				MTL_FAST_MATH = YES;
				SDKROOT = iphoneos;
				SWIFT_COMPILATION_MODE = wholemodule;
				SWIFT_OPTIMIZATION_LEVEL = "-O";
				VALIDATE_PRODUCT = YES;
			};
			name = Release;
		};
		1C018252267BC5E900DAC401 /* Debug */ = {
			isa = XCBuildConfiguration;
			baseConfigurationReference = 3BDFB10711049B431C86EC5A /* Pods-FireDo.debug.xcconfig */;
			buildSettings = {
				ASSETCATALOG_COMPILER_APPICON_NAME = AppIcon;
				ASSETCATALOG_COMPILER_GLOBAL_ACCENT_COLOR_NAME = AccentColor;
				CODE_SIGN_STYLE = Automatic;
				INFOPLIST_FILE = FireDo/Info.plist;
				LD_RUNPATH_SEARCH_PATHS = (
					"$(inherited)",
					"@executable_path/Frameworks",
				);
				PRODUCT_BUNDLE_IDENTIFIER = com.joaalsai.FireDo;
				PRODUCT_NAME = "$(TARGET_NAME)";
				SWIFT_VERSION = 5.0;
				TARGETED_DEVICE_FAMILY = "1,2";
			};
			name = Debug;
		};
		1C018253267BC5E900DAC401 /* Release */ = {
			isa = XCBuildConfiguration;
			baseConfigurationReference = 772F178DD833CD5620FBDB82 /* Pods-FireDo.release.xcconfig */;
			buildSettings = {
				ASSETCATALOG_COMPILER_APPICON_NAME = AppIcon;
				ASSETCATALOG_COMPILER_GLOBAL_ACCENT_COLOR_NAME = AccentColor;
				CODE_SIGN_STYLE = Automatic;
				INFOPLIST_FILE = FireDo/Info.plist;
				LD_RUNPATH_SEARCH_PATHS = (
					"$(inherited)",
					"@executable_path/Frameworks",
				);
				PRODUCT_BUNDLE_IDENTIFIER = com.joaalsai.FireDo;
				PRODUCT_NAME = "$(TARGET_NAME)";
				SWIFT_VERSION = 5.0;
				TARGETED_DEVICE_FAMILY = "1,2";
			};
			name = Release;
		};
/* End XCBuildConfiguration section */

/* Begin XCConfigurationList section */
		1C018238267BC5DA00DAC401 /* Build configuration list for PBXProject "FireDo" */ = {
			isa = XCConfigurationList;
			buildConfigurations = (
				1C01824F267BC5E900DAC401 /* Debug */,
				1C018250267BC5E900DAC401 /* Release */,
			);
			defaultConfigurationIsVisible = 0;
			defaultConfigurationName = Release;
		};
		1C018251267BC5E900DAC401 /* Build configuration list for PBXNativeTarget "FireDo" */ = {
			isa = XCConfigurationList;
			buildConfigurations = (
				1C018252267BC5E900DAC401 /* Debug */,
				1C018253267BC5E900DAC401 /* Release */,
			);
			defaultConfigurationIsVisible = 0;
			defaultConfigurationName = Release;
		};
/* End XCConfigurationList section */
	};
	rootObject = 1C018235267BC5DA00DAC401 /* Project object */;
}
